
Microsoft Visual Studio Solution File, Format Version 12.00
# Visual Studio Version 16
VisualStudioVersion = 16.0.29102.190
MinimumVisualStudioVersion = 10.0.40219.1
Project("{FAE04EC0-301F-11D3-BF4B-00C04F79EFBC}") = "Desktop", "Desktop\Desktop.csproj", "{F525664F-C22E-4F81-9FE3-0B8F1FD5C16B}"
EndProject
Global
	GlobalSection(SolutionConfigurationPlatforms) = preSolution
		Debug|Any CPU = Debug|Any CPU
		Release|Any CPU = Release|Any CPU
	EndGlobalSection
	GlobalSection(ProjectConfigurationPlatforms) = postSolution
		{F525664F-C22E-4F81-9FE3-0B8F1FD5C16B}.Debug|Any CPU.ActiveCfg = Debug|Any CPU
		{F525664F-C22E-4F81-9FE3-0B8F1FD5C16B}.Debug|Any CPU.Build.0 = Debug|Any CPU
		{F525664F-C22E-4F81-9FE3-0B8F1FD5C16B}.Release|Any CPU.ActiveCfg = Release|Any CPU
		{F525664F-C22E-4F81-9FE3-0B8F1FD5C16B}.Release|Any CPU.Build.0 = Release|Any CPU
	EndGlobalSection
	GlobalSection(SolutionProperties) = preSolution
		HideSolutionNode = FALSE
	EndGlobalSection
	GlobalSection(ExtensibilityGlobals) = postSolution
		SolutionGuid = {8CC47A10-4B6C-4D40-B744-F5A05E9C7B01}
	EndGlobalSection
EndGlobal
